// !$*UTF8*$!
{
	archiveVersion = 1;
	classes = {
	};
	objectVersion = 56;
	objects = {

/* Begin PBXBuildFile section */
		69306AA5292AF86D0019BDE0 /* AddNoteView.swift in Sources */ = {isa = PBXBuildFile; fileRef = 69306AA4292AF86D0019BDE0 /* AddNoteView.swift */; };
		69306AA7292C668F0019BDE0 /* UpdateNoteView.swift in Sources */ = {isa = PBXBuildFile; fileRef = 69306AA6292C668F0019BDE0 /* UpdateNoteView.swift */; };
		69A6A7EB2929DB2800C163CF /* NotesApp.swift in Sources */ = {isa = PBXBuildFile; fileRef = 69A6A7EA2929DB2800C163CF /* NotesApp.swift */; };
		69A6A7ED2929DB2800C163CF /* Home.swift in Sources */ = {isa = PBXBuildFile; fileRef = 69A6A7EC2929DB2800C163CF /* Home.swift */; };
		69A6A7EF2929DB2900C163CF /* Assets.xcassets in Resources */ = {isa = PBXBuildFile; fileRef = 69A6A7EE2929DB2900C163CF /* Assets.xcassets */; };
		69A6A7F22929DB2900C163CF /* Preview Assets.xcassets in Resources */ = {isa = PBXBuildFile; fileRef = 69A6A7F12929DB2900C163CF /* Preview Assets.xcassets */; };
		69A6A7FC2929DB2900C163CF /* NotesTests.swift in Sources */ = {isa = PBXBuildFile; fileRef = 69A6A7FB2929DB2900C163CF /* NotesTests.swift */; };
		69A6A8062929DB2900C163CF /* NotesUITests.swift in Sources */ = {isa = PBXBuildFile; fileRef = 69A6A8052929DB2900C163CF /* NotesUITests.swift */; };
		69A6A8082929DB2900C163CF /* NotesUITestsLaunchTests.swift in Sources */ = {isa = PBXBuildFile; fileRef = 69A6A8072929DB2900C163CF /* NotesUITestsLaunchTests.swift */; };
/* End PBXBuildFile section */

/* Begin PBXContainerItemProxy section */
		69A6A7F82929DB2900C163CF /* PBXContainerItemProxy */ = {
			isa = PBXContainerItemProxy;
			containerPortal = 69A6A7DF2929DB2800C163CF /* Project object */;
			proxyType = 1;
			remoteGlobalIDString = 69A6A7E62929DB2800C163CF;
			remoteInfo = Notes;
		};
		69A6A8022929DB2900C163CF /* PBXContainerItemProxy */ = {
			isa = PBXContainerItemProxy;
			containerPortal = 69A6A7DF2929DB2800C163CF /* Project object */;
			proxyType = 1;
			remoteGlobalIDString = 69A6A7E62929DB2800C163CF;
			remoteInfo = Notes;
		};
/* End PBXContainerItemProxy section */

/* Begin PBXFileReference section */
		69306AA3292AEE420019BDE0 /* Info.plist */ = {isa = PBXFileReference; lastKnownFileType = text.plist; path = Info.plist; sourceTree = "<group>"; };
		69306AA4292AF86D0019BDE0 /* AddNoteView.swift */ = {isa = PBXFileReference; lastKnownFileType = sourcecode.swift; path = AddNoteView.swift; sourceTree = "<group>"; };
		69306AA6292C668F0019BDE0 /* UpdateNoteView.swift */ = {isa = PBXFileReference; lastKnownFileType = sourcecode.swift; path = UpdateNoteView.swift; sourceTree = "<group>"; };
		69A6A7E72929DB2800C163CF /* Notes.app */ = {isa = PBXFileReference; explicitFileType = wrapper.application; includeInIndex = 0; path = Notes.app; sourceTree = BUILT_PRODUCTS_DIR; };
		69A6A7EA2929DB2800C163CF /* NotesApp.swift */ = {isa = PBXFileReference; lastKnownFileType = sourcecode.swift; path = NotesApp.swift; sourceTree = "<group>"; };
		69A6A7EC2929DB2800C163CF /* Home.swift */ = {isa = PBXFileReference; lastKnownFileType = sourcecode.swift; path = Home.swift; sourceTree = "<group>"; };
		69A6A7EE2929DB2900C163CF /* Assets.xcassets */ = {isa = PBXFileReference; lastKnownFileType = folder.assetcatalog; path = Assets.xcassets; sourceTree = "<group>"; };
		69A6A7F12929DB2900C163CF /* Preview Assets.xcassets */ = {isa = PBXFileReference; lastKnownFileType = folder.assetcatalog; path = "Preview Assets.xcassets"; sourceTree = "<group>"; };
		69A6A7F72929DB2900C163CF /* NotesTests.xctest */ = {isa = PBXFileReference; explicitFileType = wrapper.cfbundle; includeInIndex = 0; path = NotesTests.xctest; sourceTree = BUILT_PRODUCTS_DIR; };
		69A6A7FB2929DB2900C163CF /* NotesTests.swift */ = {isa = PBXFileReference; lastKnownFileType = sourcecode.swift; path = NotesTests.swift; sourceTree = "<group>"; };
		69A6A8012929DB2900C163CF /* NotesUITests.xctest */ = {isa = PBXFileReference; explicitFileType = wrapper.cfbundle; includeInIndex = 0; path = NotesUITests.xctest; sourceTree = BUILT_PRODUCTS_DIR; };
		69A6A8052929DB2900C163CF /* NotesUITests.swift */ = {isa = PBXFileReference; lastKnownFileType = sourcecode.swift; path = NotesUITests.swift; sourceTree = "<group>"; };
		69A6A8072929DB2900C163CF /* NotesUITestsLaunchTests.swift */ = {isa = PBXFileReference; lastKnownFileType = sourcecode.swift; path = NotesUITestsLaunchTests.swift; sourceTree = "<group>"; };
/* End PBXFileReference section */

/* Begin PBXFrameworksBuildPhase section */
		69A6A7E42929DB2800C163CF /* Frameworks */ = {
			isa = PBXFrameworksBuildPhase;
			buildActionMask = 2147483647;
			files = (
			);
			runOnlyForDeploymentPostprocessing = 0;
		};
		69A6A7F42929DB2900C163CF /* Frameworks */ = {
			isa = PBXFrameworksBuildPhase;
			buildActionMask = 2147483647;
			files = (
			);
			runOnlyForDeploymentPostprocessing = 0;
		};
		69A6A7FE2929DB2900C163CF /* Frameworks */ = {
			isa = PBXFrameworksBuildPhase;
			buildActionMask = 2147483647;
			files = (
			);
			runOnlyForDeploymentPostprocessing = 0;
		};
/* End PBXFrameworksBuildPhase section */

/* Begin PBXGroup section */
		69A6A7DE2929DB2800C163CF = {
			isa = PBXGroup;
			children = (
				69A6A7E92929DB2800C163CF /* Notes */,
				69A6A7FA2929DB2900C163CF /* NotesTests */,
				69A6A8042929DB2900C163CF /* NotesUITests */,
				69A6A7E82929DB2800C163CF /* Products */,
			);
			sourceTree = "<group>";
		};
		69A6A7E82929DB2800C163CF /* Products */ = {
			isa = PBXGroup;
			children = (
				69A6A7E72929DB2800C163CF /* Notes.app */,
				69A6A7F72929DB2900C163CF /* NotesTests.xctest */,
				69A6A8012929DB2900C163CF /* NotesUITests.xctest */,
			);
			name = Products;
			sourceTree = "<group>";
		};
		69A6A7E92929DB2800C163CF /* Notes */ = {
			isa = PBXGroup;
			children = (
				69306AA3292AEE420019BDE0 /* Info.plist */,
				69A6A7EA2929DB2800C163CF /* NotesApp.swift */,
				69A6A7EC2929DB2800C163CF /* Home.swift */,
				69A6A7EE2929DB2900C163CF /* Assets.xcassets */,
				69A6A7F02929DB2900C163CF /* Preview Content */,
				69306AA4292AF86D0019BDE0 /* AddNoteView.swift */,
				69306AA6292C668F0019BDE0 /* UpdateNoteView.swift */,
			);
			path = Notes;
			sourceTree = "<group>";
		};
		69A6A7F02929DB2900C163CF /* Preview Content */ = {
			isa = PBXGroup;
			children = (
				69A6A7F12929DB2900C163CF /* Preview Assets.xcassets */,
			);
			path = "Preview Content";
			sourceTree = "<group>";
		};
		69A6A7FA2929DB2900C163CF /* NotesTests */ = {
			isa = PBXGroup;
			children = (
				69A6A7FB2929DB2900C163CF /* NotesTests.swift */,
			);
			path = NotesTests;
			sourceTree = "<group>";
		};
		69A6A8042929DB2900C163CF /* NotesUITests */ = {
			isa = PBXGroup;
			children = (
				69A6A8052929DB2900C163CF /* NotesUITests.swift */,
				69A6A8072929DB2900C163CF /* NotesUITestsLaunchTests.swift */,
			);
			path = NotesUITests;
			sourceTree = "<group>";
		};
/* End PBXGroup section */

/* Begin PBXNativeTarget section */
		69A6A7E62929DB2800C163CF /* Notes */ = {
			isa = PBXNativeTarget;
			buildConfigurationList = 69A6A80B2929DB2900C163CF /* Build configuration list for PBXNativeTarget "Notes" */;
			buildPhases = (
				69A6A7E32929DB2800C163CF /* Sources */,
				69A6A7E42929DB2800C163CF /* Frameworks */,
				69A6A7E52929DB2800C163CF /* Resources */,
			);
			buildRules = (
			);
			dependencies = (
			);
			name = Notes;
			productName = Notes;
			productReference = 69A6A7E72929DB2800C163CF /* Notes.app */;
			productType = "com.apple.product-type.application";
		};
		69A6A7F62929DB2900C163CF /* NotesTests */ = {
			isa = PBXNativeTarget;
			buildConfigurationList = 69A6A80E2929DB2900C163CF /* Build configuration list for PBXNativeTarget "NotesTests" */;
			buildPhases = (
				69A6A7F32929DB2900C163CF /* Sources */,
				69A6A7F42929DB2900C163CF /* Frameworks */,
				69A6A7F52929DB2900C163CF /* Resources */,
			);
			buildRules = (
			);
			dependencies = (
				69A6A7F92929DB2900C163CF /* PBXTargetDependency */,
			);
			name = NotesTests;
			productName = NotesTests;
			productReference = 69A6A7F72929DB2900C163CF /* NotesTests.xctest */;
			productType = "com.apple.product-type.bundle.unit-test";
		};
		69A6A8002929DB2900C163CF /* NotesUITests */ = {
			isa = PBXNativeTarget;
			buildConfigurationList = 69A6A8112929DB2900C163CF /* Build configuration list for PBXNativeTarget "NotesUITests" */;
			buildPhases = (
				69A6A7FD2929DB2900C163CF /* Sources */,
				69A6A7FE2929DB2900C163CF /* Frameworks */,
				69A6A7FF2929DB2900C163CF /* Resources */,
			);
			buildRules = (
			);
			dependencies = (
				69A6A8032929DB2900C163CF /* PBXTargetDependency */,
			);
			name = NotesUITests;
			productName = NotesUITests;
			productReference = 69A6A8012929DB2900C163CF /* NotesUITests.xctest */;
			productType = "com.apple.product-type.bundle.ui-testing";
		};
/* End PBXNativeTarget section */

/* Begin PBXProject section */
		69A6A7DF2929DB2800C163CF /* Project object */ = {
			isa = PBXProject;
			attributes = {
				BuildIndependentTargetsInParallel = 1;
				LastSwiftUpdateCheck = 1410;
				LastUpgradeCheck = 1410;
				TargetAttributes = {
					69A6A7E62929DB2800C163CF = {
						CreatedOnToolsVersion = 14.1;
					};
					69A6A7F62929DB2900C163CF = {
						CreatedOnToolsVersion = 14.1;
						TestTargetID = 69A6A7E62929DB2800C163CF;
					};
					69A6A8002929DB2900C163CF = {
						CreatedOnToolsVersion = 14.1;
						TestTargetID = 69A6A7E62929DB2800C163CF;
					};
				};
			};
			buildConfigurationList = 69A6A7E22929DB2800C163CF /* Build configuration list for PBXProject "Notes" */;
			compatibilityVersion = "Xcode 14.0";
			developmentRegion = en;
			hasScannedForEncodings = 0;
			knownRegions = (
				en,
				Base,
			);
			mainGroup = 69A6A7DE2929DB2800C163CF;
			productRefGroup = 69A6A7E82929DB2800C163CF /* Products */;
			projectDirPath = "";
			projectRoot = "";
			targets = (
				69A6A7E62929DB2800C163CF /* Notes */,
				69A6A7F62929DB2900C163CF /* NotesTests */,
				69A6A8002929DB2900C163CF /* NotesUITests */,
			);
		};
/* End PBXProject section */

/* Begin PBXResourcesBuildPhase section */
		69A6A7E52929DB2800C163CF /* Resources */ = {
			isa = PBXResourcesBuildPhase;
			buildActionMask = 2147483647;
			files = (
				69A6A7F22929DB2900C163CF /* Preview Assets.xcassets in Resources */,
				69A6A7EF2929DB2900C163CF /* Assets.xcassets in Resources */,
			);
			runOnlyForDeploymentPostprocessing = 0;
		};
		69A6A7F52929DB2900C163CF /* Resources */ = {
			isa = PBXResourcesBuildPhase;
			buildActionMask = 2147483647;
			files = (
			);
			runOnlyForDeploymentPostprocessing = 0;
		};
		69A6A7FF2929DB2900C163CF /* Resources */ = {
			isa = PBXResourcesBuildPhase;
			buildActionMask = 2147483647;
			files = (
			);
			runOnlyForDeploymentPostprocessing = 0;
		};
/* End PBXResourcesBuildPhase section */

/* Begin PBXSourcesBuildPhase section */
		69A6A7E32929DB2800C163CF /* Sources */ = {
			isa = PBXSourcesBuildPhase;
			buildActionMask = 2147483647;
			files = (
				69306AA5292AF86D0019BDE0 /* AddNoteView.swift in Sources */,
				69A6A7ED2929DB2800C163CF /* Home.swift in Sources */,
				69A6A7EB2929DB2800C163CF /* NotesApp.swift in Sources */,
				69306AA7292C668F0019BDE0 /* UpdateNoteView.swift in Sources */,
			);
			runOnlyForDeploymentPostprocessing = 0;
		};
		69A6A7F32929DB2900C163CF /* Sources */ = {
			isa = PBXSourcesBuildPhase;
			buildActionMask = 2147483647;
			files = (
				69A6A7FC2929DB2900C163CF /* NotesTests.swift in Sources */,
			);
			runOnlyForDeploymentPostprocessing = 0;
		};
		69A6A7FD2929DB2900C163CF /* Sources */ = {
			isa = PBXSourcesBuildPhase;
			buildActionMask = 2147483647;
			files = (
				69A6A8082929DB2900C163CF /* NotesUITestsLaunchTests.swift in Sources */,
				69A6A8062929DB2900C163CF /* NotesUITests.swift in Sources */,
			);
			runOnlyForDeploymentPostprocessing = 0;
		};
/* End PBXSourcesBuildPhase section */

/* Begin PBXTargetDependency section */
		69A6A7F92929DB2900C163CF /* PBXTargetDependency */ = {
			isa = PBXTargetDependency;
			target = 69A6A7E62929DB2800C163CF /* Notes */;
			targetProxy = 69A6A7F82929DB2900C163CF /* PBXContainerItemProxy */;
		};
		69A6A8032929DB2900C163CF /* PBXTargetDependency */ = {
			isa = PBXTargetDependency;
			target = 69A6A7E62929DB2800C163CF /* Notes */;
			targetProxy = 69A6A8022929DB2900C163CF /* PBXContainerItemProxy */;
		};
/* End PBXTargetDependency section */

/* Begin XCBuildConfiguration section */
		69A6A8092929DB2900C163CF /* Debug */ = {
			isa = XCBuildConfiguration;
			buildSettings = {
				ALWAYS_SEARCH_USER_PATHS = NO;
				CLANG_ANALYZER_NONNULL = YES;
				CLANG_ANALYZER_NUMBER_OBJECT_CONVERSION = YES_AGGRESSIVE;
				CLANG_CXX_LANGUAGE_STANDARD = "gnu++20";
				CLANG_ENABLE_MODULES = YES;
				CLANG_ENABLE_OBJC_ARC = YES;
				CLANG_ENABLE_OBJC_WEAK = YES;
				CLANG_WARN_BLOCK_CAPTURE_AUTORELEASING = YES;
				CLANG_WARN_BOOL_CONVERSION = YES;
				CLANG_WARN_COMMA = YES;
				CLANG_WARN_CONSTANT_CONVERSION = YES;
				CLANG_WARN_DEPRECATED_OBJC_IMPLEMENTATIONS = YES;
				CLANG_WARN_DIRECT_OBJC_ISA_USAGE = YES_ERROR;
				CLANG_WARN_DOCUMENTATION_COMMENTS = YES;
				CLANG_WARN_EMPTY_BODY = YES;
				CLANG_WARN_ENUM_CONVERSION = YES;
				CLANG_WARN_INFINITE_RECURSION = YES;
				CLANG_WARN_INT_CONVERSION = YES;
				CLANG_WARN_NON_LITERAL_NULL_CONVERSION = YES;
				CLANG_WARN_OBJC_IMPLICIT_RETAIN_SELF = YES;
				CLANG_WARN_OBJC_LITERAL_CONVERSION = YES;
				CLANG_WARN_OBJC_ROOT_CLASS = YES_ERROR;
				CLANG_WARN_QUOTED_INCLUDE_IN_FRAMEWORK_HEADER = YES;
				CLANG_WARN_RANGE_LOOP_ANALYSIS = YES;
				CLANG_WARN_STRICT_PROTOTYPES = YES;
				CLANG_WARN_SUSPICIOUS_MOVE = YES;
				CLANG_WARN_UNGUARDED_AVAILABILITY = YES_AGGRESSIVE;
				CLANG_WARN_UNREACHABLE_CODE = YES;
				CLANG_WARN__DUPLICATE_METHOD_MATCH = YES;
				COPY_PHASE_STRIP = NO;
				DEBUG_INFORMATION_FORMAT = dwarf;
				ENABLE_STRICT_OBJC_MSGSEND = YES;
				ENABLE_TESTABILITY = YES;
				GCC_C_LANGUAGE_STANDARD = gnu11;
				GCC_DYNAMIC_NO_PIC = NO;
				GCC_NO_COMMON_BLOCKS = YES;
				GCC_OPTIMIZATION_LEVEL = 0;
				GCC_PREPROCESSOR_DEFINITIONS = (
					"DEBUG=1",
					"$(inherited)",
				);
				GCC_WARN_64_TO_32_BIT_CONVERSION = YES;
				GCC_WARN_ABOUT_RETURN_TYPE = YES_ERROR;
				GCC_WARN_UNDECLARED_SELECTOR = YES;
				GCC_WARN_UNINITIALIZED_AUTOS = YES_AGGRESSIVE;
				GCC_WARN_UNUSED_FUNCTION = YES;
				GCC_WARN_UNUSED_VARIABLE = YES;
				IPHONEOS_DEPLOYMENT_TARGET = 16.1;
				MTL_ENABLE_DEBUG_INFO = INCLUDE_SOURCE;
				MTL_FAST_MATH = YES;
				ONLY_ACTIVE_ARCH = YES;
				SDKROOT = iphoneos;
				SWIFT_ACTIVE_COMPILATION_CONDITIONS = DEBUG;
				SWIFT_OPTIMIZATION_LEVEL = "-Onone";
			};
			name = Debug;
		};
		69A6A80A2929DB2900C163CF /* Release */ = {
			isa = XCBuildConfiguration;
			buildSettings = {
				ALWAYS_SEARCH_USER_PATHS = NO;
				CLANG_ANALYZER_NONNULL = YES;
				CLANG_ANALYZER_NUMBER_OBJECT_CONVERSION = YES_AGGRESSIVE;
				CLANG_CXX_LANGUAGE_STANDARD = "gnu++20";
				CLANG_ENABLE_MODULES = YES;
				CLANG_ENABLE_OBJC_ARC = YES;
				CLANG_ENABLE_OBJC_WEAK = YES;
				CLANG_WARN_BLOCK_CAPTURE_AUTORELEASING = YES;
				CLANG_WARN_BOOL_CONVERSION = YES;
				CLANG_WARN_COMMA = YES;
				CLANG_WARN_CONSTANT_CONVERSION = YES;
				CLANG_WARN_DEPRECATED_OBJC_IMPLEMENTATIONS = YES;
				CLANG_WARN_DIRECT_OBJC_ISA_USAGE = YES_ERROR;
				CLANG_WARN_DOCUMENTATION_COMMENTS = YES;
				CLANG_WARN_EMPTY_BODY = YES;
				CLANG_WARN_ENUM_CONVERSION = YES;
				CLANG_WARN_INFINITE_RECURSION = YES;
				CLANG_WARN_INT_CONVERSION = YES;
				CLANG_WARN_NON_LITERAL_NULL_CONVERSION = YES;
				CLANG_WARN_OBJC_IMPLICIT_RETAIN_SELF = YES;
				CLANG_WARN_OBJC_LITERAL_CONVERSION = YES;
				CLANG_WARN_OBJC_ROOT_CLASS = YES_ERROR;
				CLANG_WARN_QUOTED_INCLUDE_IN_FRAMEWORK_HEADER = YES;
				CLANG_WARN_RANGE_LOOP_ANALYSIS = YES;
				CLANG_WARN_STRICT_PROTOTYPES = YES;
				CLANG_WARN_SUSPICIOUS_MOVE = YES;
				CLANG_WARN_UNGUARDED_AVAILABILITY = YES_AGGRESSIVE;
				CLANG_WARN_UNREACHABLE_CODE = YES;
				CLANG_WARN__DUPLICATE_METHOD_MATCH = YES;
				COPY_PHASE_STRIP = NO;
				DEBUG_INFORMATION_FORMAT = "dwarf-with-dsym";
				ENABLE_NS_ASSERTIONS = NO;
				ENABLE_STRICT_OBJC_MSGSEND = YES;
				GCC_C_LANGUAGE_STANDARD = gnu11;
				GCC_NO_COMMON_BLOCKS = YES;
				GCC_WARN_64_TO_32_BIT_CONVERSION = YES;
				GCC_WARN_ABOUT_RETURN_TYPE = YES_ERROR;
				GCC_WARN_UNDECLARED_SELECTOR = YES;
				GCC_WARN_UNINITIALIZED_AUTOS = YES_AGGRESSIVE;
				GCC_WARN_UNUSED_FUNCTION = YES;
				GCC_WARN_UNUSED_VARIABLE = YES;
				IPHONEOS_DEPLOYMENT_TARGET = 16.1;
				MTL_ENABLE_DEBUG_INFO = NO;
				MTL_FAST_MATH = YES;
				SDKROOT = iphoneos;
				SWIFT_COMPILATION_MODE = wholemodule;
				SWIFT_OPTIMIZATION_LEVEL = "-O";
				VALIDATE_PRODUCT = YES;
			};
			name = Release;
		};
		69A6A80C2929DB2900C163CF /* Debug */ = {
			isa = XCBuildConfiguration;
			buildSettings = {
				ASSETCATALOG_COMPILER_APPICON_NAME = AppIcon;
				ASSETCATALOG_COMPILER_GLOBAL_ACCENT_COLOR_NAME = AccentColor;
				CODE_SIGN_STYLE = Automatic;
				CURRENT_PROJECT_VERSION = 1;
				DEVELOPMENT_ASSET_PATHS = "\"Notes/Preview Content\"";
				DEVELOPMENT_TEAM = 4Y8HF4E9A7;
				ENABLE_PREVIEWS = YES;
				GENERATE_INFOPLIST_FILE = YES;
				INFOPLIST_FILE = Notes/Info.plist;
				INFOPLIST_KEY_UIApplicationSceneManifest_Generation = YES;
				INFOPLIST_KEY_UIApplicationSupportsIndirectInputEvents = YES;
				INFOPLIST_KEY_UILaunchScreen_Generation = YES;
				INFOPLIST_KEY_UISupportedInterfaceOrientations_iPad = "UIInterfaceOrientationPortrait UIInterfaceOrientationPortraitUpsideDown UIInterfaceOrientationLandscapeLeft UIInterfaceOrientationLandscapeRight";
				INFOPLIST_KEY_UISupportedInterfaceOrientations_iPhone = "UIInterfaceOrientationPortrait UIInterfaceOrientationLandscapeLeft UIInterfaceOrientationLandscapeRight";
				LD_RUNPATH_SEARCH_PATHS = (
					"$(inherited)",
					"@executable_path/Frameworks",
				);
				MARKETING_VERSION = 1.0;
				PRODUCT_BUNDLE_IDENTIFIER = com.cxromos.Notes;
				PRODUCT_NAME = "$(TARGET_NAME)";
				SWIFT_EMIT_LOC_STRINGS = YES;
				SWIFT_VERSION = 5.0;
				TARGETED_DEVICE_FAMILY = "1,2";
			};
			name = Debug;
		};
		69A6A80D2929DB2900C163CF /* Release */ = {
			isa = XCBuildConfiguration;
			buildSettings = {
				ASSETCATALOG_COMPILER_APPICON_NAME = AppIcon;
				ASSETCATALOG_COMPILER_GLOBAL_ACCENT_COLOR_NAME = AccentColor;
				CODE_SIGN_STYLE = Automatic;
				CURRENT_PROJECT_VERSION = 1;
				DEVELOPMENT_ASSET_PATHS = "\"Notes/Preview Content\"";
				DEVELOPMENT_TEAM = 4Y8HF4E9A7;
				ENABLE_PREVIEWS = YES;
				GENERATE_INFOPLIST_FILE = YES;
				INFOPLIST_FILE = Notes/Info.plist;
				INFOPLIST_KEY_UIApplicationSceneManifest_Generation = YES;
				INFOPLIST_KEY_UIApplicationSupportsIndirectInputEvents = YES;
				INFOPLIST_KEY_UILaunchScreen_Generation = YES;
				INFOPLIST_KEY_UISupportedInterfaceOrientations_iPad = "UIInterfaceOrientationPortrait UIInterfaceOrientationPortraitUpsideDown UIInterfaceOrientationLandscapeLeft UIInterfaceOrientationLandscapeRight";
				INFOPLIST_KEY_UISupportedInterfaceOrientations_iPhone = "UIInterfaceOrientationPortrait UIInterfaceOrientationLandscapeLeft UIInterfaceOrientationLandscapeRight";
				LD_RUNPATH_SEARCH_PATHS = (
					"$(inherited)",
					"@executable_path/Frameworks",
				);
				MARKETING_VERSION = 1.0;
				PRODUCT_BUNDLE_IDENTIFIER = com.cxromos.Notes;
				PRODUCT_NAME = "$(TARGET_NAME)";
				SWIFT_EMIT_LOC_STRINGS = YES;
				SWIFT_VERSION = 5.0;
				TARGETED_DEVICE_FAMILY = "1,2";
			};
			name = Release;
		};
		69A6A80F2929DB2900C163CF /* Debug */ = {
			isa = XCBuildConfiguration;
			buildSettings = {
				ALWAYS_EMBED_SWIFT_STANDARD_LIBRARIES = YES;
				BUNDLE_LOADER = "$(TEST_HOST)";
				CODE_SIGN_STYLE = Automatic;
				CURRENT_PROJECT_VERSION = 1;
				DEVELOPMENT_TEAM = 4Y8HF4E9A7;
				GENERATE_INFOPLIST_FILE = YES;
				IPHONEOS_DEPLOYMENT_TARGET = 16.1;
				MARKETING_VERSION = 1.0;
				PRODUCT_BUNDLE_IDENTIFIER = com.cxromos.NotesTests;
				PRODUCT_NAME = "$(TARGET_NAME)";
				SWIFT_EMIT_LOC_STRINGS = NO;
				SWIFT_VERSION = 5.0;
				TARGETED_DEVICE_FAMILY = "1,2";
				TEST_HOST = "$(BUILT_PRODUCTS_DIR)/Notes.app/$(BUNDLE_EXECUTABLE_FOLDER_PATH)/Notes";
			};
			name = Debug;
		};
		69A6A8102929DB2900C163CF /* Release */ = {
			isa = XCBuildConfiguration;
			buildSettings = {
				ALWAYS_EMBED_SWIFT_STANDARD_LIBRARIES = YES;
				BUNDLE_LOADER = "$(TEST_HOST)";
				CODE_SIGN_STYLE = Automatic;
				CURRENT_PROJECT_VERSION = 1;
				DEVELOPMENT_TEAM = 4Y8HF4E9A7;
				GENERATE_INFOPLIST_FILE = YES;
				IPHONEOS_DEPLOYMENT_TARGET = 16.1;
				MARKETING_VERSION = 1.0;
				PRODUCT_BUNDLE_IDENTIFIER = com.cxromos.NotesTests;
				PRODUCT_NAME = "$(TARGET_NAME)";
				SWIFT_EMIT_LOC_STRINGS = NO;
				SWIFT_VERSION = 5.0;
				TARGETED_DEVICE_FAMILY = "1,2";
				TEST_HOST = "$(BUILT_PRODUCTS_DIR)/Notes.app/$(BUNDLE_EXECUTABLE_FOLDER_PATH)/Notes";
			};
			name = Release;
		};
		69A6A8122929DB2900C163CF /* Debug */ = {
			isa = XCBuildConfiguration;
			buildSettings = {
				ALWAYS_EMBED_SWIFT_STANDARD_LIBRARIES = YES;
				CODE_SIGN_STYLE = Automatic;
				CURRENT_PROJECT_VERSION = 1;
				DEVELOPMENT_TEAM = 4Y8HF4E9A7;
				GENERATE_INFOPLIST_FILE = YES;
				MARKETING_VERSION = 1.0;
				PRODUCT_BUNDLE_IDENTIFIER = com.cxromos.NotesUITests;
				PRODUCT_NAME = "$(TARGET_NAME)";
				SWIFT_EMIT_LOC_STRINGS = NO;
				SWIFT_VERSION = 5.0;
				TARGETED_DEVICE_FAMILY = "1,2";
				TEST_TARGET_NAME = Notes;
			};
			name = Debug;
		};
		69A6A8132929DB2900C163CF /* Release */ = {
			isa = XCBuildConfiguration;
			buildSettings = {
				ALWAYS_EMBED_SWIFT_STANDARD_LIBRARIES = YES;
				CODE_SIGN_STYLE = Automatic;
				CURRENT_PROJECT_VERSION = 1;
				DEVELOPMENT_TEAM = 4Y8HF4E9A7;
				GENERATE_INFOPLIST_FILE = YES;
				MARKETING_VERSION = 1.0;
				PRODUCT_BUNDLE_IDENTIFIER = com.cxromos.NotesUITests;
				PRODUCT_NAME = "$(TARGET_NAME)";
				SWIFT_EMIT_LOC_STRINGS = NO;
				SWIFT_VERSION = 5.0;
				TARGETED_DEVICE_FAMILY = "1,2";
				TEST_TARGET_NAME = Notes;
			};
			name = Release;
		};
/* End XCBuildConfiguration section */

/* Begin XCConfigurationList section */
		69A6A7E22929DB2800C163CF /* Build configuration list for PBXProject "Notes" */ = {
			isa = XCConfigurationList;
			buildConfigurations = (
				69A6A8092929DB2900C163CF /* Debug */,
				69A6A80A2929DB2900C163CF /* Release */,
			);
			defaultConfigurationIsVisible = 0;
			defaultConfigurationName = Release;
		};
		69A6A80B2929DB2900C163CF /* Build configuration list for PBXNativeTarget "Notes" */ = {
			isa = XCConfigurationList;
			buildConfigurations = (
				69A6A80C2929DB2900C163CF /* Debug */,
				69A6A80D2929DB2900C163CF /* Release */,
			);
			defaultConfigurationIsVisible = 0;
			defaultConfigurationName = Release;
		};
		69A6A80E2929DB2900C163CF /* Build configuration list for PBXNativeTarget "NotesTests" */ = {
			isa = XCConfigurationList;
			buildConfigurations = (
				69A6A80F2929DB2900C163CF /* Debug */,
				69A6A8102929DB2900C163CF /* Release */,
			);
			defaultConfigurationIsVisible = 0;
			defaultConfigurationName = Release;
		};
		69A6A8112929DB2900C163CF /* Build configuration list for PBXNativeTarget "NotesUITests" */ = {
			isa = XCConfigurationList;
			buildConfigurations = (
				69A6A8122929DB2900C163CF /* Debug */,
				69A6A8132929DB2900C163CF /* Release */,
			);
			defaultConfigurationIsVisible = 0;
			defaultConfigurationName = Release;
		};
/* End XCConfigurationList section */
	};
	rootObject = 69A6A7DF2929DB2800C163CF /* Project object */;
}
